
Microsoft Visual Studio Solution File, Format Version 12.00
# Visual Studio 2013
VisualStudioVersion = 12.0.30723.0
MinimumVisualStudioVersion = 10.0.40219.1
Project("{656346D9-4656-40DA-A068-22D5425D4639}") = "Moshine.MessagePipeline", "Moshine.MessagePipeline\Moshine.MessagePipeline.oxygene", "{5116EDC8-7BF4-4A3B-BA8B-9F875F54FAB0}"
EndProject
Project("{656346D9-4656-40DA-A068-22D5425D4639}") = "TestHostConsoleApplication", "TestHostConsoleApplication\TestHostConsoleApplication.oxygene", "{7D1FB0A8-9368-4648-B1C2-9902FADDC82C}"
EndProject
Project("{656346D9-4656-40DA-A068-22D5425D4639}") = "HttpPipelineApplication", "HttpPipelineApplication\HttpPipelineApplication.oxygene", "{FC16B7A3-65C2-4175-8BF1-0D5C885B236A}"
EndProject
Global
	GlobalSection(SolutionConfigurationPlatforms) = preSolution
		Debug|Mixed Platforms = Debug|Mixed Platforms
		Release|Mixed Platforms = Release|Mixed Platforms
	EndGlobalSection
	GlobalSection(ProjectConfigurationPlatforms) = postSolution
		{5116EDC8-7BF4-4A3B-BA8B-9F875F54FAB0}.Debug|Mixed Platforms.ActiveCfg = Debug
		{5116EDC8-7BF4-4A3B-BA8B-9F875F54FAB0}.Debug|Mixed Platforms.Build.0 = Debug
		{5116EDC8-7BF4-4A3B-BA8B-9F875F54FAB0}.Release|Mixed Platforms.ActiveCfg = Release
		{5116EDC8-7BF4-4A3B-BA8B-9F875F54FAB0}.Release|Mixed Platforms.Build.0 = Release
		{7D1FB0A8-9368-4648-B1C2-9902FADDC82C}.Debug|Mixed Platforms.ActiveCfg = Debug
		{7D1FB0A8-9368-4648-B1C2-9902FADDC82C}.Debug|Mixed Platforms.Build.0 = Debug
		{7D1FB0A8-9368-4648-B1C2-9902FADDC82C}.Release|Mixed Platforms.ActiveCfg = Release
		{7D1FB0A8-9368-4648-B1C2-9902FADDC82C}.Release|Mixed Platforms.Build.0 = Release
		{FC16B7A3-65C2-4175-8BF1-0D5C885B236A}.Debug|Mixed Platforms.ActiveCfg = Debug
		{FC16B7A3-65C2-4175-8BF1-0D5C885B236A}.Debug|Mixed Platforms.Build.0 = Debug
		{FC16B7A3-65C2-4175-8BF1-0D5C885B236A}.Release|Mixed Platforms.ActiveCfg = Release
		{FC16B7A3-65C2-4175-8BF1-0D5C885B236A}.Release|Mixed Platforms.Build.0 = Release
	EndGlobalSection
	GlobalSection(SolutionProperties) = preSolution
		HideSolutionNode = FALSE
	EndGlobalSection
EndGlobal
